# THIS IS AN AUTOGENERATED FILE. DO NOT EDIT THIS FILE DIRECTLY.
assets/cs-everything.script.js:
  development: 2017-11-12T14:06:39-05:00   c5e37e5179aabda74a5eeba031f3e78a
assets/cs-everything.styles.scss:
  development: 2017-11-12T14:37:42-05:00   a0a04394c89b780998aeb1302a480edc
snippets/collection_categories-filter.liquid:
  development: 2017-11-12T06:59:52-05:00   59020a997c4cc5cb2ab8ef3c6372b3d1
snippets/del-retrns.liquid:
  development: 2017-11-11T19:16:50-05:00   e7f7ac2aba5e4cc8531bb636a66796de
snippets/dets-care.liquid:
  development: 2017-11-11T19:16:52-05:00   e7f7ac2aba5e4cc8531bb636a66796de
snippets/index_product-items.liquid:
  development: 2017-11-11T19:27:26-05:00   71eae67f00e0cc78c87cbd979d97ecc6
snippets/theme_header.liquid:
  development: 2017-11-12T14:28:42-05:00   6ee943d41d54b55e3fc2125aa4026c17
templates/collection.liquid:
  development: 2017-11-12T13:24:42-05:00   e2f186170b545fa3493d73b078ff2c7c
templates/index.liquid:
  development: 2017-11-11T19:31:45-05:00   4e9e6b85532e5788d1483c1f7d4f945b
templates/product.liquid:
  development: 2017-11-11T19:25:25-05:00   52ce5e79df61d896acde8c8267573fd6
