# THIS IS AN AUTOGENERATED FILE. DO NOT EDIT THIS FILE DIRECTLY.
assets/bootstrap.min.css:
  development: 2018-02-06T17:29:01-05:00   28106ab1313d59c66b4b4e6c94cac54c
assets/cs-everything.styles.scss:
  development: 2018-02-06T17:09:19-05:00   89f683b83d4915d850ac4beb56cafb37
config/settings_data.json:
  development: 2018-02-06T16:53:53-05:00   53635280c521cbcd39bb4c4048bd21cb
config/settings_schema.json:
  development: 2018-02-06T16:57:43-05:00   fc6338ba3556ad159fa707fe3aa2a486
templates/index.liquid:
  development: 2018-02-06T16:59:07-05:00   e47b9c482f18fe7dc229eb34d05cefb6
