# THIS IS AN AUTOGENERATED FILE. DO NOT EDIT THIS FILE DIRECTLY.
assets/cs-everything.script.js:
  development: 2017-11-20T16:08:55-05:00   81880aecf00f5073b83940c414ea3809
assets/cs-everything.styles.scss:
  development: 2017-11-20T16:09:06-05:00   692de2b4781558a5d15631d504ec4fc4
assets/jquery.smooth-scroll.min.js:
  development: 2017-11-20T15:58:35-05:00   8dfe5677a106f03643eec1ebca5f365f
layout/theme.liquid:
  development: 2017-11-20T16:03:33-05:00   a78ecb7c76655d80560fef3a372d4e2b
templates/index.liquid:
  development: 2017-11-20T15:49:31-05:00   9d9a02abcdc0778a24b238f7ca7f07ff
